PODS:
  - AFNetworking (3.1.0):
    - AFNetworking/NSURLSession (= 3.1.0)
    - AFNetworking/Reachability (= 3.1.0)
    - AFNetworking/Security (= 3.1.0)
    - AFNetworking/Serialization (= 3.1.0)
    - AFNetworking/UIKit (= 3.1.0)
  - AFNetworking/NSURLSession (3.1.0):
    - AFNetworking/Reachability
    - AFNetworking/Security
    - AFNetworking/Serialization
  - AFNetworking/Reachability (3.1.0)
  - AFNetworking/Security (3.1.0)
  - AFNetworking/Serialization (3.1.0)
  - AFNetworking/UIKit (3.1.0):
    - AFNetworking/NSURLSession
  - IQKeyboardManager (4.0.13)
  - JKCategories (1.5)
  - JSONModel (1.7.0)
  - Masonry (1.1.0)
  - MJRefresh (3.1.12)
  - ReactiveCocoa (2.5):
    - ReactiveCocoa/UI (= 2.5)
  - ReactiveCocoa/Core (2.5):
    - ReactiveCocoa/no-arc
  - ReactiveCocoa/no-arc (2.5)
  - ReactiveCocoa/UI (2.5):
    - ReactiveCocoa/Core
  - SDWebImage (4.1.0):
    - SDWebImage/Core (= 4.1.0)
  - SDWebImage/Core (4.1.0)

DEPENDENCIES:
  - AFNetworking (~> 3.1.0)
  - IQKeyboardManager (~> 4.0.13)
  - JKCategories
  - JSONModel (~> 1.7.0)
  - Masonry
  - MJRefresh (~> 3.1.12)
  - ReactiveCocoa (~> 2.5)
  - SDWebImage (~> 4.1.0)

SPEC CHECKSUMS:
  AFNetworking: 5e0e199f73d8626b11e79750991f5d173d1f8b67
  IQKeyboardManager: 8eab4d8111418414619d1df8e4779ce5d0f8d7e2
  JKCategories: 863f4c7ed2d521ee6bf72ceea97948da23bb5af4
  JSONModel: 840bc0fcffb24b8454d2c026bf26fea454b8e98d
  Masonry: 678fab65091a9290e40e2832a55e7ab731aad201
  MJRefresh: b96cdb21c4aa75a7b07654311ab2f315c497e806
  ReactiveCocoa: e2db045570aa97c695e7aa97c2bcab222ae51f4a
  SDWebImage: 0e435c14e402a6730315a0fb79f95e68654d55a4

PODFILE CHECKSUM: ecb0ced968a8c8c687e5d1c8b6077616f05bcf6f

COCOAPODS: 1.2.1
